
Microsoft Visual Studio Solution File, Format Version 12.00
# Visual Studio 2012
Project("{FAE04EC0-301F-11D3-BF4B-00C04F79EFBC}") = "WindowsFormsApplication1", "WindowsFormsApplication1\WindowsFormsApplication1.csproj", "{BDB4B27E-8D6E-4434-8595-D8975F863828}"
EndProject
Global
	GlobalSection(SolutionConfigurationPlatforms) = preSolution
		Debug|Any CPU = Debug|Any CPU
		Release|Any CPU = Release|Any CPU
	EndGlobalSection
	GlobalSection(ProjectConfigurationPlatforms) = postSolution
		{BDB4B27E-8D6E-4434-8595-D8975F863828}.Debug|Any CPU.ActiveCfg = Debug|Any CPU
		{BDB4B27E-8D6E-4434-8595-D8975F863828}.Debug|Any CPU.Build.0 = Debug|Any CPU
		{BDB4B27E-8D6E-4434-8595-D8975F863828}.Release|Any CPU.ActiveCfg = Release|Any CPU
		{BDB4B27E-8D6E-4434-8595-D8975F863828}.Release|Any CPU.Build.0 = Release|Any CPU
	EndGlobalSection
	GlobalSection(SolutionProperties) = preSolution
		HideSolutionNode = FALSE
	EndGlobalSection
EndGlobal
